
Microsoft Visual Studio Solution File, Format Version 12.00
# Visual Studio 14
VisualStudioVersion = 14.0.24720.0
MinimumVisualStudioVersion = 10.0.40219.1
Project("{FAE04EC0-301F-11D3-BF4B-00C04F79EFBC}") = "MS.Api", "MS.Api\MS.Api.csproj", "{887A8565-4A10-44C8-82EF-F2F2D1D2BFBF}"
EndProject
Project("{2150E333-8FDC-42A3-9474-1A3956D46DE8}") = "01 PRESENTATION", "01 PRESENTATION", "{9842E94E-F207-44D0-9D25-F6F249089BA9}"
EndProject
Project("{2150E333-8FDC-42A3-9474-1A3956D46DE8}") = "02 BUSINESS LOGIC LAYER", "02 BUSINESS LOGIC LAYER", "{B4C30620-7BED-4DD8-88CF-1F636915A8EF}"
EndProject
Project("{2150E333-8FDC-42A3-9474-1A3956D46DE8}") = "03 DATA ACCESS LAYER", "03 DATA ACCESS LAYER", "{F32C10B7-7112-4575-A66B-B7E845C9BF08}"
EndProject
Project("{2150E333-8FDC-42A3-9474-1A3956D46DE8}") = "04 CROSS PLATFORM LAYER", "04 CROSS PLATFORM LAYER", "{3AD25CC3-DE1F-4BFF-9F28-E651FC2F9E27}"
EndProject
Project("{FAE04EC0-301F-11D3-BF4B-00C04F79EFBC}") = "ERP.Defontana.Bll.Core", "ERP.Defontana.Bll.Core\ERP.Defontana.Bll.Core.csproj", "{C529EF92-F15B-412C-B0F2-2F0A5D8399C7}"
EndProject
Project("{FAE04EC0-301F-11D3-BF4B-00C04F79EFBC}") = "ERP.Defontana.Bll.Interface", "ERP.Defontana.Bll.Interface\ERP.Defontana.Bll.Interface.csproj", "{432A080C-7B26-4691-BCA1-DA0AD97B52BA}"
EndProject
Project("{FAE04EC0-301F-11D3-BF4B-00C04F79EFBC}") = "ERP.Defontana.Dal.Core", "ERP.Defontana.Dal.Core\ERP.Defontana.Dal.Core.csproj", "{22DF7D96-E262-46BD-A3EF-DBE55590ADD3}"
EndProject
Project("{FAE04EC0-301F-11D3-BF4B-00C04F79EFBC}") = "ERP.Defontana.Dal.Interface", "ERP.Defontana.Dal.Interface\ERP.Defontana.Dal.Interface.csproj", "{0267F882-3202-495B-9BB0-135B38054F25}"
EndProject
Project("{FAE04EC0-301F-11D3-BF4B-00C04F79EFBC}") = "ERP.Defontana.Cpl.Dto", "ERP.Defontana.Cpl.Dto\ERP.Defontana.Cpl.Dto.csproj", "{44D67FE2-A9C1-4A52-B4E1-1716B49BCBC5}"
EndProject
Project("{FAE04EC0-301F-11D3-BF4B-00C04F79EFBC}") = "ERP.Defontana.Cpl.Exceptions", "ERP.Defontana.Cpl.Exceptions\ERP.Defontana.Cpl.Exceptions.csproj", "{E703C0E9-EDFD-4D1D-988A-DF724A413065}"
EndProject
Project("{FAE04EC0-301F-11D3-BF4B-00C04F79EFBC}") = "ERP.Defontana.Cpl.Util", "ERP.Defontana.Cpl.Util\ERP.Defontana.Cpl.Util.csproj", "{12AD4909-84D7-4A22-8DE9-148077528333}"
EndProject
Project("{FAE04EC0-301F-11D3-BF4B-00C04F79EFBC}") = "ERP.Defontana.Bll.Core.Tests", "ERP.Defontana.Bll.Core.Tests\ERP.Defontana.Bll.Core.Tests.csproj", "{FE908622-46AA-40BD-B2EF-BD4273AFE8AF}"
EndProject
Global
	GlobalSection(SolutionConfigurationPlatforms) = preSolution
		Debug|Any CPU = Debug|Any CPU
		Release|Any CPU = Release|Any CPU
	EndGlobalSection
	GlobalSection(ProjectConfigurationPlatforms) = postSolution
		{887A8565-4A10-44C8-82EF-F2F2D1D2BFBF}.Debug|Any CPU.ActiveCfg = Debug|Any CPU
		{887A8565-4A10-44C8-82EF-F2F2D1D2BFBF}.Debug|Any CPU.Build.0 = Debug|Any CPU
		{887A8565-4A10-44C8-82EF-F2F2D1D2BFBF}.Release|Any CPU.ActiveCfg = Release|Any CPU
		{887A8565-4A10-44C8-82EF-F2F2D1D2BFBF}.Release|Any CPU.Build.0 = Release|Any CPU
		{C529EF92-F15B-412C-B0F2-2F0A5D8399C7}.Debug|Any CPU.ActiveCfg = Debug|Any CPU
		{C529EF92-F15B-412C-B0F2-2F0A5D8399C7}.Debug|Any CPU.Build.0 = Debug|Any CPU
		{C529EF92-F15B-412C-B0F2-2F0A5D8399C7}.Release|Any CPU.ActiveCfg = Release|Any CPU
		{C529EF92-F15B-412C-B0F2-2F0A5D8399C7}.Release|Any CPU.Build.0 = Release|Any CPU
		{432A080C-7B26-4691-BCA1-DA0AD97B52BA}.Debug|Any CPU.ActiveCfg = Debug|Any CPU
		{432A080C-7B26-4691-BCA1-DA0AD97B52BA}.Debug|Any CPU.Build.0 = Debug|Any CPU
		{432A080C-7B26-4691-BCA1-DA0AD97B52BA}.Release|Any CPU.ActiveCfg = Release|Any CPU
		{432A080C-7B26-4691-BCA1-DA0AD97B52BA}.Release|Any CPU.Build.0 = Release|Any CPU
		{22DF7D96-E262-46BD-A3EF-DBE55590ADD3}.Debug|Any CPU.ActiveCfg = Debug|Any CPU
		{22DF7D96-E262-46BD-A3EF-DBE55590ADD3}.Debug|Any CPU.Build.0 = Debug|Any CPU
		{22DF7D96-E262-46BD-A3EF-DBE55590ADD3}.Release|Any CPU.ActiveCfg = Release|Any CPU
		{22DF7D96-E262-46BD-A3EF-DBE55590ADD3}.Release|Any CPU.Build.0 = Release|Any CPU
		{0267F882-3202-495B-9BB0-135B38054F25}.Debug|Any CPU.ActiveCfg = Debug|Any CPU
		{0267F882-3202-495B-9BB0-135B38054F25}.Debug|Any CPU.Build.0 = Debug|Any CPU
		{0267F882-3202-495B-9BB0-135B38054F25}.Release|Any CPU.ActiveCfg = Release|Any CPU
		{0267F882-3202-495B-9BB0-135B38054F25}.Release|Any CPU.Build.0 = Release|Any CPU
		{44D67FE2-A9C1-4A52-B4E1-1716B49BCBC5}.Debug|Any CPU.ActiveCfg = Debug|Any CPU
		{44D67FE2-A9C1-4A52-B4E1-1716B49BCBC5}.Debug|Any CPU.Build.0 = Debug|Any CPU
		{44D67FE2-A9C1-4A52-B4E1-1716B49BCBC5}.Release|Any CPU.ActiveCfg = Release|Any CPU
		{44D67FE2-A9C1-4A52-B4E1-1716B49BCBC5}.Release|Any CPU.Build.0 = Release|Any CPU
		{E703C0E9-EDFD-4D1D-988A-DF724A413065}.Debug|Any CPU.ActiveCfg = Debug|Any CPU
		{E703C0E9-EDFD-4D1D-988A-DF724A413065}.Debug|Any CPU.Build.0 = Debug|Any CPU
		{E703C0E9-EDFD-4D1D-988A-DF724A413065}.Release|Any CPU.ActiveCfg = Release|Any CPU
		{E703C0E9-EDFD-4D1D-988A-DF724A413065}.Release|Any CPU.Build.0 = Release|Any CPU
		{12AD4909-84D7-4A22-8DE9-148077528333}.Debug|Any CPU.ActiveCfg = Debug|Any CPU
		{12AD4909-84D7-4A22-8DE9-148077528333}.Debug|Any CPU.Build.0 = Debug|Any CPU
		{12AD4909-84D7-4A22-8DE9-148077528333}.Release|Any CPU.ActiveCfg = Release|Any CPU
		{12AD4909-84D7-4A22-8DE9-148077528333}.Release|Any CPU.Build.0 = Release|Any CPU
		{FE908622-46AA-40BD-B2EF-BD4273AFE8AF}.Debug|Any CPU.ActiveCfg = Debug|Any CPU
		{FE908622-46AA-40BD-B2EF-BD4273AFE8AF}.Debug|Any CPU.Build.0 = Debug|Any CPU
		{FE908622-46AA-40BD-B2EF-BD4273AFE8AF}.Release|Any CPU.ActiveCfg = Release|Any CPU
		{FE908622-46AA-40BD-B2EF-BD4273AFE8AF}.Release|Any CPU.Build.0 = Release|Any CPU
	EndGlobalSection
	GlobalSection(SolutionProperties) = preSolution
		HideSolutionNode = FALSE
	EndGlobalSection
	GlobalSection(NestedProjects) = preSolution
		{887A8565-4A10-44C8-82EF-F2F2D1D2BFBF} = {9842E94E-F207-44D0-9D25-F6F249089BA9}
		{C529EF92-F15B-412C-B0F2-2F0A5D8399C7} = {B4C30620-7BED-4DD8-88CF-1F636915A8EF}
		{432A080C-7B26-4691-BCA1-DA0AD97B52BA} = {B4C30620-7BED-4DD8-88CF-1F636915A8EF}
		{22DF7D96-E262-46BD-A3EF-DBE55590ADD3} = {F32C10B7-7112-4575-A66B-B7E845C9BF08}
		{0267F882-3202-495B-9BB0-135B38054F25} = {F32C10B7-7112-4575-A66B-B7E845C9BF08}
		{44D67FE2-A9C1-4A52-B4E1-1716B49BCBC5} = {3AD25CC3-DE1F-4BFF-9F28-E651FC2F9E27}
		{E703C0E9-EDFD-4D1D-988A-DF724A413065} = {3AD25CC3-DE1F-4BFF-9F28-E651FC2F9E27}
		{12AD4909-84D7-4A22-8DE9-148077528333} = {3AD25CC3-DE1F-4BFF-9F28-E651FC2F9E27}
		{FE908622-46AA-40BD-B2EF-BD4273AFE8AF} = {B4C30620-7BED-4DD8-88CF-1F636915A8EF}
	EndGlobalSection
EndGlobal
